
Microsoft Visual Studio Solution File, Format Version 12.00
# Visual Studio 15
VisualStudioVersion = 15.0.28010.2046
MinimumVisualStudioVersion = 10.0.40219.1
Project("{FAE04EC0-301F-11D3-BF4B-00C04F79EFBC}") = "raiseError", "raiseError\raiseError.csproj", "{13D077FF-312D-4ECF-8178-EB27A4259EC6}"
EndProject
Global
	GlobalSection(SolutionConfigurationPlatforms) = preSolution
		Debug|Any CPU = Debug|Any CPU
		Release|Any CPU = Release|Any CPU
	EndGlobalSection
	GlobalSection(ProjectConfigurationPlatforms) = postSolution
		{13D077FF-312D-4ECF-8178-EB27A4259EC6}.Debug|Any CPU.ActiveCfg = Debug|Any CPU
		{13D077FF-312D-4ECF-8178-EB27A4259EC6}.Debug|Any CPU.Build.0 = Debug|Any CPU
		{13D077FF-312D-4ECF-8178-EB27A4259EC6}.Release|Any CPU.ActiveCfg = Release|Any CPU
		{13D077FF-312D-4ECF-8178-EB27A4259EC6}.Release|Any CPU.Build.0 = Release|Any CPU
	EndGlobalSection
	GlobalSection(SolutionProperties) = preSolution
		HideSolutionNode = FALSE
	EndGlobalSection
	GlobalSection(ExtensibilityGlobals) = postSolution
		SolutionGuid = {305C3457-25A0-44C1-BA2A-3987C7104822}
	EndGlobalSection
EndGlobal
